
Microsoft Visual Studio Solution File, Format Version 12.00
# Visual Studio Version 16
VisualStudioVersion = 16.0.29418.71
MinimumVisualStudioVersion = 10.0.40219.1
Project("{FAE04EC0-301F-11D3-BF4B-00C04F79EFBC}") = "TaskManager", "TaskManager\TaskManager.csproj", "{E3F021CA-2B88-454B-A753-2E1E11C2A797}"
EndProject
Global
	GlobalSection(SolutionConfigurationPlatforms) = preSolution
		Debug|Any CPU = Debug|Any CPU
		Debug|x64 = Debug|x64
		Release|Any CPU = Release|Any CPU
		Release|x64 = Release|x64
	EndGlobalSection
	GlobalSection(ProjectConfigurationPlatforms) = postSolution
		{E3F021CA-2B88-454B-A753-2E1E11C2A797}.Debug|Any CPU.ActiveCfg = Debug|Any CPU
		{E3F021CA-2B88-454B-A753-2E1E11C2A797}.Debug|Any CPU.Build.0 = Debug|Any CPU
		{E3F021CA-2B88-454B-A753-2E1E11C2A797}.Debug|x64.ActiveCfg = Debug|x64
		{E3F021CA-2B88-454B-A753-2E1E11C2A797}.Debug|x64.Build.0 = Debug|x64
		{E3F021CA-2B88-454B-A753-2E1E11C2A797}.Release|Any CPU.ActiveCfg = Release|Any CPU
		{E3F021CA-2B88-454B-A753-2E1E11C2A797}.Release|Any CPU.Build.0 = Release|Any CPU
		{E3F021CA-2B88-454B-A753-2E1E11C2A797}.Release|x64.ActiveCfg = Release|x64
		{E3F021CA-2B88-454B-A753-2E1E11C2A797}.Release|x64.Build.0 = Release|x64
	EndGlobalSection
	GlobalSection(SolutionProperties) = preSolution
		HideSolutionNode = FALSE
	EndGlobalSection
	GlobalSection(ExtensibilityGlobals) = postSolution
		SolutionGuid = {0A1C915D-5454-4898-95B5-A037CA2BF2AA}
	EndGlobalSection
EndGlobal
